
Microsoft Visual Studio Solution File, Format Version 12.00
# Visual Studio 2013
VisualStudioVersion = 12.0.30723.0
MinimumVisualStudioVersion = 10.0.40219.1
Project("{FAE04EC0-301F-11D3-BF4B-00C04F79EFBC}") = "StockManagementDb", "StockManagementDb\StockManagementDb.csproj", "{DD229A98-46D1-4018-8F39-C079E4E6A008}"
EndProject
Project("{FAE04EC0-301F-11D3-BF4B-00C04F79EFBC}") = "StockManagementService", "StockManagementService\StockManagementService.csproj", "{DCDD827F-8482-40CE-9BD0-2D4C04A589F5}"
EndProject
Global
	GlobalSection(SolutionConfigurationPlatforms) = preSolution
		Debug|Any CPU = Debug|Any CPU
		Release|Any CPU = Release|Any CPU
	EndGlobalSection
	GlobalSection(ProjectConfigurationPlatforms) = postSolution
		{DD229A98-46D1-4018-8F39-C079E4E6A008}.Debug|Any CPU.ActiveCfg = Debug|Any CPU
		{DD229A98-46D1-4018-8F39-C079E4E6A008}.Debug|Any CPU.Build.0 = Debug|Any CPU
		{DD229A98-46D1-4018-8F39-C079E4E6A008}.Release|Any CPU.ActiveCfg = Release|Any CPU
		{DD229A98-46D1-4018-8F39-C079E4E6A008}.Release|Any CPU.Build.0 = Release|Any CPU
		{DCDD827F-8482-40CE-9BD0-2D4C04A589F5}.Debug|Any CPU.ActiveCfg = Debug|Any CPU
		{DCDD827F-8482-40CE-9BD0-2D4C04A589F5}.Debug|Any CPU.Build.0 = Debug|Any CPU
		{DCDD827F-8482-40CE-9BD0-2D4C04A589F5}.Release|Any CPU.ActiveCfg = Release|Any CPU
		{DCDD827F-8482-40CE-9BD0-2D4C04A589F5}.Release|Any CPU.Build.0 = Release|Any CPU
	EndGlobalSection
	GlobalSection(SolutionProperties) = preSolution
		HideSolutionNode = FALSE
	EndGlobalSection
EndGlobal
